<?xml version="1.0" encoding="utf-8"?>
<Project ToolsVersion="15.0" xmlns="http://schemas.microsoft.com/developer/msbuild/2003">
  <ItemGroup>
    <ClCompile Include="D:\spdlog-1.11.0\spdlog-1.11.0\example\example.cpp">
      <Filter>Source Files</Filter>
    </ClCompile>
  </ItemGroup>
  <ItemGroup>
    <CustomBuild Include="D:\spdlog-1.11.0\spdlog-1.11.0\example\CMakeLists.txt" />
  </ItemGroup>
  <ItemGroup>
    <Filter Include="Source Files">
      <UniqueIdentifier>{8377611A-AF85-3302-9852-8958E1A2947E}</UniqueIdentifier>
    </Filter>
  </ItemGroup>
</Project>
