<?xml version="1.0" encoding="utf-8"?>
<Project ToolsVersion="15.0" xmlns="http://schemas.microsoft.com/developer/msbuild/2003">
  <ItemGroup>
    <ClCompile Include="test_file_helper.cpp">
      <Filter>Source Files</Filter>
    </ClCompile>
    <ClCompile Include="test_file_logging.cpp">
      <Filter>Source Files</Filter>
    </ClCompile>
    <ClCompile Include="test_daily_logger.cpp">
      <Filter>Source Files</Filter>
    </ClCompile>
    <ClCompile Include="test_misc.cpp">
      <Filter>Source Files</Filter>
    </ClCompile>
    <ClCompile Include="test_eventlog.cpp">
      <Filter>Source Files</Filter>
    </ClCompile>
    <ClCompile Include="test_pattern_formatter.cpp">
      <Filter>Source Files</Filter>
    </ClCompile>
    <ClCompile Include="test_async.cpp">
      <Filter>Source Files</Filter>
    </ClCompile>
    <ClCompile Include="test_registry.cpp">
      <Filter>Source Files</Filter>
    </ClCompile>
    <ClCompile Include="test_macros.cpp">
      <Filter>Source Files</Filter>
    </ClCompile>
    <ClCompile Include="utils.cpp">
      <Filter>Source Files</Filter>
    </ClCompile>
    <ClCompile Include="main.cpp">
      <Filter>Source Files</Filter>
    </ClCompile>
    <ClCompile Include="test_mpmc_q.cpp">
      <Filter>Source Files</Filter>
    </ClCompile>
    <ClCompile Include="test_dup_filter.cpp">
      <Filter>Source Files</Filter>
    </ClCompile>
    <ClCompile Include="test_fmt_helper.cpp">
      <Filter>Source Files</Filter>
    </ClCompile>
    <ClCompile Include="test_stdout_api.cpp">
      <Filter>Source Files</Filter>
    </ClCompile>
    <ClCompile Include="test_backtrace.cpp">
      <Filter>Source Files</Filter>
    </ClCompile>
    <ClCompile Include="test_create_dir.cpp">
      <Filter>Source Files</Filter>
    </ClCompile>
    <ClCompile Include="test_cfg.cpp">
      <Filter>Source Files</Filter>
    </ClCompile>
    <ClCompile Include="test_time_point.cpp">
      <Filter>Source Files</Filter>
    </ClCompile>
    <ClCompile Include="test_stopwatch.cpp">
      <Filter>Source Files</Filter>
    </ClCompile>
    <ClCompile Include="test_errors.cpp">
      <Filter>Source Files</Filter>
    </ClCompile>
  </ItemGroup>
  <ItemGroup>
    <Filter Include="Source Files">
      <UniqueIdentifier>{8377611A-AF85-3302-9852-8958E1A2947E}</UniqueIdentifier>
    </Filter>
  </ItemGroup>
</Project>
